// !$*UTF8*$!
{
	archiveVersion = 1;
	classes = {
	};
	objectVersion = 48;
	objects = {

/* Begin PBXBuildFile section */
		63427E09202423B800D6C606 /* AppDelegate.swift in Sources */ = {isa = PBXBuildFile; fileRef = 63427E08202423B800D6C606 /* AppDelegate.swift */; };
		63427E0B202423B800D6C606 /* ViewController.swift in Sources */ = {isa = PBXBuildFile; fileRef = 63427E0A202423B800D6C606 /* ViewController.swift */; };
		63427E0E202423B800D6C606 /* Main.storyboard in Resources */ = {isa = PBXBuildFile; fileRef = 63427E0C202423B800D6C606 /* Main.storyboard */; };
		63427E10202423B800D6C606 /* Assets.xcassets in Resources */ = {isa = PBXBuildFile; fileRef = 63427E0F202423B800D6C606 /* Assets.xcassets */; };
		63427E13202423B800D6C606 /* LaunchScreen.storyboard in Resources */ = {isa = PBXBuildFile; fileRef = 63427E11202423B800D6C606 /* LaunchScreen.storyboard */; };
		63427E1E202423B800D6C606 /* pomodoroWatchOS002Tests.swift in Sources */ = {isa = PBXBuildFile; fileRef = 63427E1D202423B800D6C606 /* pomodoroWatchOS002Tests.swift */; };
		63427E29202423B800D6C606 /* pomodoroWatchOS002UITests.swift in Sources */ = {isa = PBXBuildFile; fileRef = 63427E28202423B800D6C606 /* pomodoroWatchOS002UITests.swift */; };
		63427E2E202423B800D6C606 /* pomodoroWatchOS002 WatchKit App.app in Embed Watch Content */ = {isa = PBXBuildFile; fileRef = 63427E2D202423B800D6C606 /* pomodoroWatchOS002 WatchKit App.app */; };
		63427E34202423B800D6C606 /* Interface.storyboard in Resources */ = {isa = PBXBuildFile; fileRef = 63427E32202423B800D6C606 /* Interface.storyboard */; };
		63427E36202423B800D6C606 /* Assets.xcassets in Resources */ = {isa = PBXBuildFile; fileRef = 63427E35202423B800D6C606 /* Assets.xcassets */; };
		63427E3D202423B900D6C606 /* pomodoroWatchOS002 WatchKit Extension.appex in Embed App Extensions */ = {isa = PBXBuildFile; fileRef = 63427E3C202423B900D6C606 /* pomodoroWatchOS002 WatchKit Extension.appex */; settings = {ATTRIBUTES = (RemoveHeadersOnCopy, ); }; };
		63427E42202423B900D6C606 /* InterfaceController.swift in Sources */ = {isa = PBXBuildFile; fileRef = 63427E41202423B900D6C606 /* InterfaceController.swift */; };
		63427E44202423B900D6C606 /* ExtensionDelegate.swift in Sources */ = {isa = PBXBuildFile; fileRef = 63427E43202423B900D6C606 /* ExtensionDelegate.swift */; };
		63427E46202423B900D6C606 /* NotificationController.swift in Sources */ = {isa = PBXBuildFile; fileRef = 63427E45202423B900D6C606 /* NotificationController.swift */; };
		63427E48202423B900D6C606 /* Assets.xcassets in Resources */ = {isa = PBXBuildFile; fileRef = 63427E47202423B900D6C606 /* Assets.xcassets */; };
/* End PBXBuildFile section */

/* Begin PBXContainerItemProxy section */
		63427E1A202423B800D6C606 /* PBXContainerItemProxy */ = {
			isa = PBXContainerItemProxy;
			containerPortal = 63427DFD202423B800D6C606 /* Project object */;
			proxyType = 1;
			remoteGlobalIDString = 63427E04202423B800D6C606;
			remoteInfo = pomodoroWatchOS002;
		};
		63427E25202423B800D6C606 /* PBXContainerItemProxy */ = {
			isa = PBXContainerItemProxy;
			containerPortal = 63427DFD202423B800D6C606 /* Project object */;
			proxyType = 1;
			remoteGlobalIDString = 63427E04202423B800D6C606;
			remoteInfo = pomodoroWatchOS002;
		};
		63427E2F202423B800D6C606 /* PBXContainerItemProxy */ = {
			isa = PBXContainerItemProxy;
			containerPortal = 63427DFD202423B800D6C606 /* Project object */;
			proxyType = 1;
			remoteGlobalIDString = 63427E2C202423B800D6C606;
			remoteInfo = "pomodoroWatchOS002 WatchKit App";
		};
		63427E3E202423B900D6C606 /* PBXContainerItemProxy */ = {
			isa = PBXContainerItemProxy;
			containerPortal = 63427DFD202423B800D6C606 /* Project object */;
			proxyType = 1;
			remoteGlobalIDString = 63427E3B202423B900D6C606;
			remoteInfo = "pomodoroWatchOS002 WatchKit Extension";
		};
/* End PBXContainerItemProxy section */

/* Begin PBXCopyFilesBuildPhase section */
		63427E50202423B900D6C606 /* Embed App Extensions */ = {
			isa = PBXCopyFilesBuildPhase;
			buildActionMask = 2147483647;
			dstPath = "";
			dstSubfolderSpec = 13;
			files = (
				63427E3D202423B900D6C606 /* pomodoroWatchOS002 WatchKit Extension.appex in Embed App Extensions */,
			);
			name = "Embed App Extensions";
			runOnlyForDeploymentPostprocessing = 0;
		};
		63427E54202423B900D6C606 /* Embed Watch Content */ = {
			isa = PBXCopyFilesBuildPhase;
			buildActionMask = 2147483647;
			dstPath = "$(CONTENTS_FOLDER_PATH)/Watch";
			dstSubfolderSpec = 16;
			files = (
				63427E2E202423B800D6C606 /* pomodoroWatchOS002 WatchKit App.app in Embed Watch Content */,
			);
			name = "Embed Watch Content";
			runOnlyForDeploymentPostprocessing = 0;
		};
/* End PBXCopyFilesBuildPhase section */

/* Begin PBXFileReference section */
		63427E05202423B800D6C606 /* pomodoroWatchOS002.app */ = {isa = PBXFileReference; explicitFileType = wrapper.application; includeInIndex = 0; path = pomodoroWatchOS002.app; sourceTree = BUILT_PRODUCTS_DIR; };
		63427E08202423B800D6C606 /* AppDelegate.swift */ = {isa = PBXFileReference; lastKnownFileType = sourcecode.swift; path = AppDelegate.swift; sourceTree = "<group>"; };
		63427E0A202423B800D6C606 /* ViewController.swift */ = {isa = PBXFileReference; lastKnownFileType = sourcecode.swift; path = ViewController.swift; sourceTree = "<group>"; };
		63427E0D202423B800D6C606 /* Base */ = {isa = PBXFileReference; lastKnownFileType = file.storyboard; name = Base; path = Base.lproj/Main.storyboard; sourceTree = "<group>"; };
		63427E0F202423B800D6C606 /* Assets.xcassets */ = {isa = PBXFileReference; lastKnownFileType = folder.assetcatalog; path = Assets.xcassets; sourceTree = "<group>"; };
		63427E12202423B800D6C606 /* Base */ = {isa = PBXFileReference; lastKnownFileType = file.storyboard; name = Base; path = Base.lproj/LaunchScreen.storyboard; sourceTree = "<group>"; };
		63427E14202423B800D6C606 /* Info.plist */ = {isa = PBXFileReference; lastKnownFileType = text.plist.xml; path = Info.plist; sourceTree = "<group>"; };
		63427E19202423B800D6C606 /* pomodoroWatchOS002Tests.xctest */ = {isa = PBXFileReference; explicitFileType = wrapper.cfbundle; includeInIndex = 0; path = pomodoroWatchOS002Tests.xctest; sourceTree = BUILT_PRODUCTS_DIR; };
		63427E1D202423B800D6C606 /* pomodoroWatchOS002Tests.swift */ = {isa = PBXFileReference; lastKnownFileType = sourcecode.swift; path = pomodoroWatchOS002Tests.swift; sourceTree = "<group>"; };
		63427E1F202423B800D6C606 /* Info.plist */ = {isa = PBXFileReference; lastKnownFileType = text.plist.xml; path = Info.plist; sourceTree = "<group>"; };
		63427E24202423B800D6C606 /* pomodoroWatchOS002UITests.xctest */ = {isa = PBXFileReference; explicitFileType = wrapper.cfbundle; includeInIndex = 0; path = pomodoroWatchOS002UITests.xctest; sourceTree = BUILT_PRODUCTS_DIR; };
		63427E28202423B800D6C606 /* pomodoroWatchOS002UITests.swift */ = {isa = PBXFileReference; lastKnownFileType = sourcecode.swift; path = pomodoroWatchOS002UITests.swift; sourceTree = "<group>"; };
		63427E2A202423B800D6C606 /* Info.plist */ = {isa = PBXFileReference; lastKnownFileType = text.plist.xml; path = Info.plist; sourceTree = "<group>"; };
		63427E2D202423B800D6C606 /* pomodoroWatchOS002 WatchKit App.app */ = {isa = PBXFileReference; explicitFileType = wrapper.application; includeInIndex = 0; path = "pomodoroWatchOS002 WatchKit App.app"; sourceTree = BUILT_PRODUCTS_DIR; };
		63427E33202423B800D6C606 /* Base */ = {isa = PBXFileReference; lastKnownFileType = file.storyboard; name = Base; path = Base.lproj/Interface.storyboard; sourceTree = "<group>"; };
		63427E35202423B800D6C606 /* Assets.xcassets */ = {isa = PBXFileReference; lastKnownFileType = folder.assetcatalog; path = Assets.xcassets; sourceTree = "<group>"; };
		63427E37202423B800D6C606 /* Info.plist */ = {isa = PBXFileReference; lastKnownFileType = text.plist.xml; path = Info.plist; sourceTree = "<group>"; };
		63427E3C202423B900D6C606 /* pomodoroWatchOS002 WatchKit Extension.appex */ = {isa = PBXFileReference; explicitFileType = "wrapper.app-extension"; includeInIndex = 0; path = "pomodoroWatchOS002 WatchKit Extension.appex"; sourceTree = BUILT_PRODUCTS_DIR; };
		63427E41202423B900D6C606 /* InterfaceController.swift */ = {isa = PBXFileReference; lastKnownFileType = sourcecode.swift; path = InterfaceController.swift; sourceTree = "<group>"; };
		63427E43202423B900D6C606 /* ExtensionDelegate.swift */ = {isa = PBXFileReference; lastKnownFileType = sourcecode.swift; path = ExtensionDelegate.swift; sourceTree = "<group>"; };
		63427E45202423B900D6C606 /* NotificationController.swift */ = {isa = PBXFileReference; lastKnownFileType = sourcecode.swift; path = NotificationController.swift; sourceTree = "<group>"; };
		63427E47202423B900D6C606 /* Assets.xcassets */ = {isa = PBXFileReference; lastKnownFileType = folder.assetcatalog; path = Assets.xcassets; sourceTree = "<group>"; };
		63427E49202423B900D6C606 /* Info.plist */ = {isa = PBXFileReference; lastKnownFileType = text.plist.xml; path = Info.plist; sourceTree = "<group>"; };
		63427E4A202423B900D6C606 /* PushNotificationPayload.apns */ = {isa = PBXFileReference; lastKnownFileType = text; path = PushNotificationPayload.apns; sourceTree = "<group>"; };
/* End PBXFileReference section */

/* Begin PBXFrameworksBuildPhase section */
		63427E02202423B800D6C606 /* Frameworks */ = {
			isa = PBXFrameworksBuildPhase;
			buildActionMask = 2147483647;
			files = (
			);
			runOnlyForDeploymentPostprocessing = 0;
		};
		63427E16202423B800D6C606 /* Frameworks */ = {
			isa = PBXFrameworksBuildPhase;
			buildActionMask = 2147483647;
			files = (
			);
			runOnlyForDeploymentPostprocessing = 0;
		};
		63427E21202423B800D6C606 /* Frameworks */ = {
			isa = PBXFrameworksBuildPhase;
			buildActionMask = 2147483647;
			files = (
			);
			runOnlyForDeploymentPostprocessing = 0;
		};
		63427E39202423B900D6C606 /* Frameworks */ = {
			isa = PBXFrameworksBuildPhase;
			buildActionMask = 2147483647;
			files = (
			);
			runOnlyForDeploymentPostprocessing = 0;
		};
/* End PBXFrameworksBuildPhase section */

/* Begin PBXGroup section */
		63427DFC202423B800D6C606 = {
			isa = PBXGroup;
			children = (
				63427E07202423B800D6C606 /* pomodoroWatchOS002 */,
				63427E1C202423B800D6C606 /* pomodoroWatchOS002Tests */,
				63427E27202423B800D6C606 /* pomodoroWatchOS002UITests */,
				63427E31202423B800D6C606 /* pomodoroWatchOS002 WatchKit App */,
				63427E40202423B900D6C606 /* pomodoroWatchOS002 WatchKit Extension */,
				63427E06202423B800D6C606 /* Products */,
			);
			sourceTree = "<group>";
		};
		63427E06202423B800D6C606 /* Products */ = {
			isa = PBXGroup;
			children = (
				63427E05202423B800D6C606 /* pomodoroWatchOS002.app */,
				63427E19202423B800D6C606 /* pomodoroWatchOS002Tests.xctest */,
				63427E24202423B800D6C606 /* pomodoroWatchOS002UITests.xctest */,
				63427E2D202423B800D6C606 /* pomodoroWatchOS002 WatchKit App.app */,
				63427E3C202423B900D6C606 /* pomodoroWatchOS002 WatchKit Extension.appex */,
			);
			name = Products;
			sourceTree = "<group>";
		};
		63427E07202423B800D6C606 /* pomodoroWatchOS002 */ = {
			isa = PBXGroup;
			children = (
				63427E08202423B800D6C606 /* AppDelegate.swift */,
				63427E0A202423B800D6C606 /* ViewController.swift */,
				63427E0C202423B800D6C606 /* Main.storyboard */,
				63427E0F202423B800D6C606 /* Assets.xcassets */,
				63427E11202423B800D6C606 /* LaunchScreen.storyboard */,
				63427E14202423B800D6C606 /* Info.plist */,
			);
			path = pomodoroWatchOS002;
			sourceTree = "<group>";
		};
		63427E1C202423B800D6C606 /* pomodoroWatchOS002Tests */ = {
			isa = PBXGroup;
			children = (
				63427E1D202423B800D6C606 /* pomodoroWatchOS002Tests.swift */,
				63427E1F202423B800D6C606 /* Info.plist */,
			);
			path = pomodoroWatchOS002Tests;
			sourceTree = "<group>";
		};
		63427E27202423B800D6C606 /* pomodoroWatchOS002UITests */ = {
			isa = PBXGroup;
			children = (
				63427E28202423B800D6C606 /* pomodoroWatchOS002UITests.swift */,
				63427E2A202423B800D6C606 /* Info.plist */,
			);
			path = pomodoroWatchOS002UITests;
			sourceTree = "<group>";
		};
		63427E31202423B800D6C606 /* pomodoroWatchOS002 WatchKit App */ = {
			isa = PBXGroup;
			children = (
				63427E32202423B800D6C606 /* Interface.storyboard */,
				63427E35202423B800D6C606 /* Assets.xcassets */,
				63427E37202423B800D6C606 /* Info.plist */,
			);
			path = "pomodoroWatchOS002 WatchKit App";
			sourceTree = "<group>";
		};
		63427E40202423B900D6C606 /* pomodoroWatchOS002 WatchKit Extension */ = {
			isa = PBXGroup;
			children = (
				63427E41202423B900D6C606 /* InterfaceController.swift */,
				63427E43202423B900D6C606 /* ExtensionDelegate.swift */,
				63427E45202423B900D6C606 /* NotificationController.swift */,
				63427E47202423B900D6C606 /* Assets.xcassets */,
				63427E49202423B900D6C606 /* Info.plist */,
				63427E4A202423B900D6C606 /* PushNotificationPayload.apns */,
			);
			path = "pomodoroWatchOS002 WatchKit Extension";
			sourceTree = "<group>";
		};
/* End PBXGroup section */

/* Begin PBXNativeTarget section */
		63427E04202423B800D6C606 /* pomodoroWatchOS002 */ = {
			isa = PBXNativeTarget;
			buildConfigurationList = 63427E55202423B900D6C606 /* Build configuration list for PBXNativeTarget "pomodoroWatchOS002" */;
			buildPhases = (
				63427E01202423B800D6C606 /* Sources */,
				63427E02202423B800D6C606 /* Frameworks */,
				63427E03202423B800D6C606 /* Resources */,
				63427E54202423B900D6C606 /* Embed Watch Content */,
			);
			buildRules = (
			);
			dependencies = (
				63427E30202423B800D6C606 /* PBXTargetDependency */,
			);
			name = pomodoroWatchOS002;
			productName = pomodoroWatchOS002;
			productReference = 63427E05202423B800D6C606 /* pomodoroWatchOS002.app */;
			productType = "com.apple.product-type.application";
		};
		63427E18202423B800D6C606 /* pomodoroWatchOS002Tests */ = {
			isa = PBXNativeTarget;
			buildConfigurationList = 63427E58202423B900D6C606 /* Build configuration list for PBXNativeTarget "pomodoroWatchOS002Tests" */;
			buildPhases = (
				63427E15202423B800D6C606 /* Sources */,
				63427E16202423B800D6C606 /* Frameworks */,
				63427E17202423B800D6C606 /* Resources */,
			);
			buildRules = (
			);
			dependencies = (
				63427E1B202423B800D6C606 /* PBXTargetDependency */,
			);
			name = pomodoroWatchOS002Tests;
			productName = pomodoroWatchOS002Tests;
			productReference = 63427E19202423B800D6C606 /* pomodoroWatchOS002Tests.xctest */;
			productType = "com.apple.product-type.bundle.unit-test";
		};
		63427E23202423B800D6C606 /* pomodoroWatchOS002UITests */ = {
			isa = PBXNativeTarget;
			buildConfigurationList = 63427E5B202423B900D6C606 /* Build configuration list for PBXNativeTarget "pomodoroWatchOS002UITests" */;
			buildPhases = (
				63427E20202423B800D6C606 /* Sources */,
				63427E21202423B800D6C606 /* Frameworks */,
				63427E22202423B800D6C606 /* Resources */,
			);
			buildRules = (
			);
			dependencies = (
				63427E26202423B800D6C606 /* PBXTargetDependency */,
			);
			name = pomodoroWatchOS002UITests;
			productName = pomodoroWatchOS002UITests;
			productReference = 63427E24202423B800D6C606 /* pomodoroWatchOS002UITests.xctest */;
			productType = "com.apple.product-type.bundle.ui-testing";
		};
		63427E2C202423B800D6C606 /* pomodoroWatchOS002 WatchKit App */ = {
			isa = PBXNativeTarget;
			buildConfigurationList = 63427E51202423B900D6C606 /* Build configuration list for PBXNativeTarget "pomodoroWatchOS002 WatchKit App" */;
			buildPhases = (
				63427E2B202423B800D6C606 /* Resources */,
				63427E50202423B900D6C606 /* Embed App Extensions */,
			);
			buildRules = (
			);
			dependencies = (
				63427E3F202423B900D6C606 /* PBXTargetDependency */,
			);
			name = "pomodoroWatchOS002 WatchKit App";
			productName = "pomodoroWatchOS002 WatchKit App";
			productReference = 63427E2D202423B800D6C606 /* pomodoroWatchOS002 WatchKit App.app */;
			productType = "com.apple.product-type.application.watchapp2";
		};
		63427E3B202423B900D6C606 /* pomodoroWatchOS002 WatchKit Extension */ = {
			isa = PBXNativeTarget;
			buildConfigurationList = 63427E4D202423B900D6C606 /* Build configuration list for PBXNativeTarget "pomodoroWatchOS002 WatchKit Extension" */;
			buildPhases = (
				63427E38202423B900D6C606 /* Sources */,
				63427E39202423B900D6C606 /* Frameworks */,
				63427E3A202423B900D6C606 /* Resources */,
			);
			buildRules = (
			);
			dependencies = (
			);
			name = "pomodoroWatchOS002 WatchKit Extension";
			productName = "pomodoroWatchOS002 WatchKit Extension";
			productReference = 63427E3C202423B900D6C606 /* pomodoroWatchOS002 WatchKit Extension.appex */;
			productType = "com.apple.product-type.watchkit2-extension";
		};
/* End PBXNativeTarget section */

/* Begin PBXProject section */
		63427DFD202423B800D6C606 /* Project object */ = {
			isa = PBXProject;
			attributes = {
				LastSwiftUpdateCheck = 0920;
				LastUpgradeCheck = 0920;
				ORGANIZATIONNAME = "Vision Runner";
				TargetAttributes = {
					63427E04202423B800D6C606 = {
						CreatedOnToolsVersion = 9.2;
						ProvisioningStyle = Automatic;
					};
					63427E18202423B800D6C606 = {
						CreatedOnToolsVersion = 9.2;
						ProvisioningStyle = Automatic;
						TestTargetID = 63427E04202423B800D6C606;
					};
					63427E23202423B800D6C606 = {
						CreatedOnToolsVersion = 9.2;
						ProvisioningStyle = Automatic;
						TestTargetID = 63427E04202423B800D6C606;
					};
					63427E2C202423B800D6C606 = {
						CreatedOnToolsVersion = 9.2;
						ProvisioningStyle = Automatic;
					};
					63427E3B202423B900D6C606 = {
						CreatedOnToolsVersion = 9.2;
						ProvisioningStyle = Automatic;
					};
				};
			};
			buildConfigurationList = 63427E00202423B800D6C606 /* Build configuration list for PBXProject "pomodoroWatchOS002" */;
			compatibilityVersion = "Xcode 8.0";
			developmentRegion = en;
			hasScannedForEncodings = 0;
			knownRegions = (
				en,
				Base,
			);
			mainGroup = 63427DFC202423B800D6C606;
			productRefGroup = 63427E06202423B800D6C606 /* Products */;
			projectDirPath = "";
			projectRoot = "";
			targets = (
				63427E04202423B800D6C606 /* pomodoroWatchOS002 */,
				63427E18202423B800D6C606 /* pomodoroWatchOS002Tests */,
				63427E23202423B800D6C606 /* pomodoroWatchOS002UITests */,
				63427E2C202423B800D6C606 /* pomodoroWatchOS002 WatchKit App */,
				63427E3B202423B900D6C606 /* pomodoroWatchOS002 WatchKit Extension */,
			);
		};
/* End PBXProject section */

/* Begin PBXResourcesBuildPhase section */
		63427E03202423B800D6C606 /* Resources */ = {
			isa = PBXResourcesBuildPhase;
			buildActionMask = 2147483647;
			files = (
				63427E13202423B800D6C606 /* LaunchScreen.storyboard in Resources */,
				63427E10202423B800D6C606 /* Assets.xcassets in Resources */,
				63427E0E202423B800D6C606 /* Main.storyboard in Resources */,
			);
			runOnlyForDeploymentPostprocessing = 0;
		};
		63427E17202423B800D6C606 /* Resources */ = {
			isa = PBXResourcesBuildPhase;
			buildActionMask = 2147483647;
			files = (
			);
			runOnlyForDeploymentPostprocessing = 0;
		};
		63427E22202423B800D6C606 /* Resources */ = {
			isa = PBXResourcesBuildPhase;
			buildActionMask = 2147483647;
			files = (
			);
			runOnlyForDeploymentPostprocessing = 0;
		};
		63427E2B202423B800D6C606 /* Resources */ = {
			isa = PBXResourcesBuildPhase;
			buildActionMask = 2147483647;
			files = (
				63427E36202423B800D6C606 /* Assets.xcassets in Resources */,
				63427E34202423B800D6C606 /* Interface.storyboard in Resources */,
			);
			runOnlyForDeploymentPostprocessing = 0;
		};
		63427E3A202423B900D6C606 /* Resources */ = {
			isa = PBXResourcesBuildPhase;
			buildActionMask = 2147483647;
			files = (
				63427E48202423B900D6C606 /* Assets.xcassets in Resources */,
			);
			runOnlyForDeploymentPostprocessing = 0;
		};
/* End PBXResourcesBuildPhase section */

/* Begin PBXSourcesBuildPhase section */
		63427E01202423B800D6C606 /* Sources */ = {
			isa = PBXSourcesBuildPhase;
			buildActionMask = 2147483647;
			files = (
				63427E0B202423B800D6C606 /* ViewController.swift in Sources */,
				63427E09202423B800D6C606 /* AppDelegate.swift in Sources */,
			);
			runOnlyForDeploymentPostprocessing = 0;
		};
		63427E15202423B800D6C606 /* Sources */ = {
			isa = PBXSourcesBuildPhase;
			buildActionMask = 2147483647;
			files = (
				63427E1E202423B800D6C606 /* pomodoroWatchOS002Tests.swift in Sources */,
			);
			runOnlyForDeploymentPostprocessing = 0;
		};
		63427E20202423B800D6C606 /* Sources */ = {
			isa = PBXSourcesBuildPhase;
			buildActionMask = 2147483647;
			files = (
				63427E29202423B800D6C606 /* pomodoroWatchOS002UITests.swift in Sources */,
			);
			runOnlyForDeploymentPostprocessing = 0;
		};
		63427E38202423B900D6C606 /* Sources */ = {
			isa = PBXSourcesBuildPhase;
			buildActionMask = 2147483647;
			files = (
				63427E46202423B900D6C606 /* NotificationController.swift in Sources */,
				63427E44202423B900D6C606 /* ExtensionDelegate.swift in Sources */,
				63427E42202423B900D6C606 /* InterfaceController.swift in Sources */,
			);
			runOnlyForDeploymentPostprocessing = 0;
		};
/* End PBXSourcesBuildPhase section */

/* Begin PBXTargetDependency section */
		63427E1B202423B800D6C606 /* PBXTargetDependency */ = {
			isa = PBXTargetDependency;
			target = 63427E04202423B800D6C606 /* pomodoroWatchOS002 */;
			targetProxy = 63427E1A202423B800D6C606 /* PBXContainerItemProxy */;
		};
		63427E26202423B800D6C606 /* PBXTargetDependency */ = {
			isa = PBXTargetDependency;
			target = 63427E04202423B800D6C606 /* pomodoroWatchOS002 */;
			targetProxy = 63427E25202423B800D6C606 /* PBXContainerItemProxy */;
		};
		63427E30202423B800D6C606 /* PBXTargetDependency */ = {
			isa = PBXTargetDependency;
			target = 63427E2C202423B800D6C606 /* pomodoroWatchOS002 WatchKit App */;
			targetProxy = 63427E2F202423B800D6C606 /* PBXContainerItemProxy */;
		};
		63427E3F202423B900D6C606 /* PBXTargetDependency */ = {
			isa = PBXTargetDependency;
			target = 63427E3B202423B900D6C606 /* pomodoroWatchOS002 WatchKit Extension */;
			targetProxy = 63427E3E202423B900D6C606 /* PBXContainerItemProxy */;
		};
/* End PBXTargetDependency section */

/* Begin PBXVariantGroup section */
		63427E0C202423B800D6C606 /* Main.storyboard */ = {
			isa = PBXVariantGroup;
			children = (
				63427E0D202423B800D6C606 /* Base */,
			);
			name = Main.storyboard;
			sourceTree = "<group>";
		};
		63427E11202423B800D6C606 /* LaunchScreen.storyboard */ = {
			isa = PBXVariantGroup;
			children = (
				63427E12202423B800D6C606 /* Base */,
			);
			name = LaunchScreen.storyboard;
			sourceTree = "<group>";
		};
		63427E32202423B800D6C606 /* Interface.storyboard */ = {
			isa = PBXVariantGroup;
			children = (
				63427E33202423B800D6C606 /* Base */,
			);
			name = Interface.storyboard;
			sourceTree = "<group>";
		};
/* End PBXVariantGroup section */

/* Begin XCBuildConfiguration section */
		63427E4B202423B900D6C606 /* Debug */ = {
			isa = XCBuildConfiguration;
			buildSettings = {
				ALWAYS_SEARCH_USER_PATHS = NO;
				CLANG_ANALYZER_NONNULL = YES;
				CLANG_ANALYZER_NUMBER_OBJECT_CONVERSION = YES_AGGRESSIVE;
				CLANG_CXX_LANGUAGE_STANDARD = "gnu++14";
				CLANG_CXX_LIBRARY = "libc++";
				CLANG_ENABLE_MODULES = YES;
				CLANG_ENABLE_OBJC_ARC = YES;
				CLANG_WARN_BLOCK_CAPTURE_AUTORELEASING = YES;
				CLANG_WARN_BOOL_CONVERSION = YES;
				CLANG_WARN_COMMA = YES;
				CLANG_WARN_CONSTANT_CONVERSION = YES;
				CLANG_WARN_DIRECT_OBJC_ISA_USAGE = YES_ERROR;
				CLANG_WARN_DOCUMENTATION_COMMENTS = YES;
				CLANG_WARN_EMPTY_BODY = YES;
				CLANG_WARN_ENUM_CONVERSION = YES;
				CLANG_WARN_INFINITE_RECURSION = YES;
				CLANG_WARN_INT_CONVERSION = YES;
				CLANG_WARN_NON_LITERAL_NULL_CONVERSION = YES;
				CLANG_WARN_OBJC_LITERAL_CONVERSION = YES;
				CLANG_WARN_OBJC_ROOT_CLASS = YES_ERROR;
				CLANG_WARN_RANGE_LOOP_ANALYSIS = YES;
				CLANG_WARN_STRICT_PROTOTYPES = YES;
				CLANG_WARN_SUSPICIOUS_MOVE = YES;
				CLANG_WARN_UNGUARDED_AVAILABILITY = YES_AGGRESSIVE;
				CLANG_WARN_UNREACHABLE_CODE = YES;
				CLANG_WARN__DUPLICATE_METHOD_MATCH = YES;
				CODE_SIGN_IDENTITY = "iPhone Developer";
				COPY_PHASE_STRIP = NO;
				DEBUG_INFORMATION_FORMAT = dwarf;
				ENABLE_STRICT_OBJC_MSGSEND = YES;
				ENABLE_TESTABILITY = YES;
				GCC_C_LANGUAGE_STANDARD = gnu11;
				GCC_DYNAMIC_NO_PIC = NO;
				GCC_NO_COMMON_BLOCKS = YES;
				GCC_OPTIMIZATION_LEVEL = 0;
				GCC_PREPROCESSOR_DEFINITIONS = (
					"DEBUG=1",
					"$(inherited)",
				);
				GCC_WARN_64_TO_32_BIT_CONVERSION = YES;
				GCC_WARN_ABOUT_RETURN_TYPE = YES_ERROR;
				GCC_WARN_UNDECLARED_SELECTOR = YES;
				GCC_WARN_UNINITIALIZED_AUTOS = YES_AGGRESSIVE;
				GCC_WARN_UNUSED_FUNCTION = YES;
				GCC_WARN_UNUSED_VARIABLE = YES;
				IPHONEOS_DEPLOYMENT_TARGET = 11.2;
				MTL_ENABLE_DEBUG_INFO = YES;
				ONLY_ACTIVE_ARCH = YES;
				SDKROOT = iphoneos;
				SWIFT_ACTIVE_COMPILATION_CONDITIONS = DEBUG;
				SWIFT_OPTIMIZATION_LEVEL = "-Onone";
			};
			name = Debug;
		};
		63427E4C202423B900D6C606 /* Release */ = {
			isa = XCBuildConfiguration;
			buildSettings = {
				ALWAYS_SEARCH_USER_PATHS = NO;
				CLANG_ANALYZER_NONNULL = YES;
				CLANG_ANALYZER_NUMBER_OBJECT_CONVERSION = YES_AGGRESSIVE;
				CLANG_CXX_LANGUAGE_STANDARD = "gnu++14";
				CLANG_CXX_LIBRARY = "libc++";
				CLANG_ENABLE_MODULES = YES;
				CLANG_ENABLE_OBJC_ARC = YES;
				CLANG_WARN_BLOCK_CAPTURE_AUTORELEASING = YES;
				CLANG_WARN_BOOL_CONVERSION = YES;
				CLANG_WARN_COMMA = YES;
				CLANG_WARN_CONSTANT_CONVERSION = YES;
				CLANG_WARN_DIRECT_OBJC_ISA_USAGE = YES_ERROR;
				CLANG_WARN_DOCUMENTATION_COMMENTS = YES;
				CLANG_WARN_EMPTY_BODY = YES;
				CLANG_WARN_ENUM_CONVERSION = YES;
				CLANG_WARN_INFINITE_RECURSION = YES;
				CLANG_WARN_INT_CONVERSION = YES;
				CLANG_WARN_NON_LITERAL_NULL_CONVERSION = YES;
				CLANG_WARN_OBJC_LITERAL_CONVERSION = YES;
				CLANG_WARN_OBJC_ROOT_CLASS = YES_ERROR;
				CLANG_WARN_RANGE_LOOP_ANALYSIS = YES;
				CLANG_WARN_STRICT_PROTOTYPES = YES;
				CLANG_WARN_SUSPICIOUS_MOVE = YES;
				CLANG_WARN_UNGUARDED_AVAILABILITY = YES_AGGRESSIVE;
				CLANG_WARN_UNREACHABLE_CODE = YES;
				CLANG_WARN__DUPLICATE_METHOD_MATCH = YES;
				CODE_SIGN_IDENTITY = "iPhone Developer";
				COPY_PHASE_STRIP = NO;
				DEBUG_INFORMATION_FORMAT = "dwarf-with-dsym";
				ENABLE_NS_ASSERTIONS = NO;
				ENABLE_STRICT_OBJC_MSGSEND = YES;
				GCC_C_LANGUAGE_STANDARD = gnu11;
				GCC_NO_COMMON_BLOCKS = YES;
				GCC_WARN_64_TO_32_BIT_CONVERSION = YES;
				GCC_WARN_ABOUT_RETURN_TYPE = YES_ERROR;
				GCC_WARN_UNDECLARED_SELECTOR = YES;
				GCC_WARN_UNINITIALIZED_AUTOS = YES_AGGRESSIVE;
				GCC_WARN_UNUSED_FUNCTION = YES;
				GCC_WARN_UNUSED_VARIABLE = YES;
				IPHONEOS_DEPLOYMENT_TARGET = 11.2;
				MTL_ENABLE_DEBUG_INFO = NO;
				SDKROOT = iphoneos;
				SWIFT_OPTIMIZATION_LEVEL = "-Owholemodule";
				VALIDATE_PRODUCT = YES;
			};
			name = Release;
		};
		63427E4E202423B900D6C606 /* Debug */ = {
			isa = XCBuildConfiguration;
			buildSettings = {
				ASSETCATALOG_COMPILER_COMPLICATION_NAME = Complication;
				CODE_SIGN_STYLE = Automatic;
				DEVELOPMENT_TEAM = EPF99BXA3K;
				INFOPLIST_FILE = "pomodoroWatchOS002 WatchKit Extension/Info.plist";
				LD_RUNPATH_SEARCH_PATHS = "$(inherited) @executable_path/Frameworks @executable_path/../../Frameworks";
				PRODUCT_BUNDLE_IDENTIFIER = com.visionrunner.pomodoroWatchOS002.watchkitapp.watchkitextension;
				PRODUCT_NAME = "${TARGET_NAME}";
				SDKROOT = watchos;
				SKIP_INSTALL = YES;
				SWIFT_VERSION = 4.0;
				TARGETED_DEVICE_FAMILY = 4;
				WATCHOS_DEPLOYMENT_TARGET = 4.2;
			};
			name = Debug;
		};
		63427E4F202423B900D6C606 /* Release */ = {
			isa = XCBuildConfiguration;
			buildSettings = {
				ASSETCATALOG_COMPILER_COMPLICATION_NAME = Complication;
				CODE_SIGN_STYLE = Automatic;
				DEVELOPMENT_TEAM = EPF99BXA3K;
				INFOPLIST_FILE = "pomodoroWatchOS002 WatchKit Extension/Info.plist";
				LD_RUNPATH_SEARCH_PATHS = "$(inherited) @executable_path/Frameworks @executable_path/../../Frameworks";
				PRODUCT_BUNDLE_IDENTIFIER = com.visionrunner.pomodoroWatchOS002.watchkitapp.watchkitextension;
				PRODUCT_NAME = "${TARGET_NAME}";
				SDKROOT = watchos;
				SKIP_INSTALL = YES;
				SWIFT_VERSION = 4.0;
				TARGETED_DEVICE_FAMILY = 4;
				WATCHOS_DEPLOYMENT_TARGET = 4.2;
			};
			name = Release;
		};
		63427E52202423B900D6C606 /* Debug */ = {
			isa = XCBuildConfiguration;
			buildSettings = {
				ALWAYS_EMBED_SWIFT_STANDARD_LIBRARIES = YES;
				ASSETCATALOG_COMPILER_APPICON_NAME = AppIcon;
				CODE_SIGN_STYLE = Automatic;
				DEVELOPMENT_TEAM = EPF99BXA3K;
				IBSC_MODULE = pomodoroWatchOS002_WatchKit_Extension;
				INFOPLIST_FILE = "pomodoroWatchOS002 WatchKit App/Info.plist";
				PRODUCT_BUNDLE_IDENTIFIER = com.visionrunner.pomodoroWatchOS002.watchkitapp;
				PRODUCT_NAME = "$(TARGET_NAME)";
				SDKROOT = watchos;
				SKIP_INSTALL = YES;
				SWIFT_VERSION = 4.0;
				TARGETED_DEVICE_FAMILY = 4;
				WATCHOS_DEPLOYMENT_TARGET = 4.2;
			};
			name = Debug;
		};
		63427E53202423B900D6C606 /* Release */ = {
			isa = XCBuildConfiguration;
			buildSettings = {
				ALWAYS_EMBED_SWIFT_STANDARD_LIBRARIES = YES;
				ASSETCATALOG_COMPILER_APPICON_NAME = AppIcon;
				CODE_SIGN_STYLE = Automatic;
				DEVELOPMENT_TEAM = EPF99BXA3K;
				IBSC_MODULE = pomodoroWatchOS002_WatchKit_Extension;
				INFOPLIST_FILE = "pomodoroWatchOS002 WatchKit App/Info.plist";
				PRODUCT_BUNDLE_IDENTIFIER = com.visionrunner.pomodoroWatchOS002.watchkitapp;
				PRODUCT_NAME = "$(TARGET_NAME)";
				SDKROOT = watchos;
				SKIP_INSTALL = YES;
				SWIFT_VERSION = 4.0;
				TARGETED_DEVICE_FAMILY = 4;
				WATCHOS_DEPLOYMENT_TARGET = 4.2;
			};
			name = Release;
		};
		63427E56202423B900D6C606 /* Debug */ = {
			isa = XCBuildConfiguration;
			buildSettings = {
				ASSETCATALOG_COMPILER_APPICON_NAME = AppIcon;
				CODE_SIGN_STYLE = Automatic;
				DEVELOPMENT_TEAM = EPF99BXA3K;
				INFOPLIST_FILE = pomodoroWatchOS002/Info.plist;
				LD_RUNPATH_SEARCH_PATHS = "$(inherited) @executable_path/Frameworks";
				PRODUCT_BUNDLE_IDENTIFIER = com.visionrunner.pomodoroWatchOS002;
				PRODUCT_NAME = "$(TARGET_NAME)";
				SWIFT_VERSION = 4.0;
				TARGETED_DEVICE_FAMILY = "1,2";
			};
			name = Debug;
		};
		63427E57202423B900D6C606 /* Release */ = {
			isa = XCBuildConfiguration;
			buildSettings = {
				ASSETCATALOG_COMPILER_APPICON_NAME = AppIcon;
				CODE_SIGN_STYLE = Automatic;
				DEVELOPMENT_TEAM = EPF99BXA3K;
				INFOPLIST_FILE = pomodoroWatchOS002/Info.plist;
				LD_RUNPATH_SEARCH_PATHS = "$(inherited) @executable_path/Frameworks";
				PRODUCT_BUNDLE_IDENTIFIER = com.visionrunner.pomodoroWatchOS002;
				PRODUCT_NAME = "$(TARGET_NAME)";
				SWIFT_VERSION = 4.0;
				TARGETED_DEVICE_FAMILY = "1,2";
			};
			name = Release;
		};
		63427E59202423B900D6C606 /* Debug */ = {
			isa = XCBuildConfiguration;
			buildSettings = {
				ALWAYS_EMBED_SWIFT_STANDARD_LIBRARIES = YES;
				BUNDLE_LOADER = "$(TEST_HOST)";
				CODE_SIGN_STYLE = Automatic;
				DEVELOPMENT_TEAM = EPF99BXA3K;
				INFOPLIST_FILE = pomodoroWatchOS002Tests/Info.plist;
				LD_RUNPATH_SEARCH_PATHS = "$(inherited) @executable_path/Frameworks @loader_path/Frameworks";
				PRODUCT_BUNDLE_IDENTIFIER = com.visionrunner.pomodoroWatchOS002Tests;
				PRODUCT_NAME = "$(TARGET_NAME)";
				SWIFT_VERSION = 4.0;
				TARGETED_DEVICE_FAMILY = "1,2";
				TEST_HOST = "$(BUILT_PRODUCTS_DIR)/pomodoroWatchOS002.app/pomodoroWatchOS002";
			};
			name = Debug;
		};
		63427E5A202423B900D6C606 /* Release */ = {
			isa = XCBuildConfiguration;
			buildSettings = {
				ALWAYS_EMBED_SWIFT_STANDARD_LIBRARIES = YES;
				BUNDLE_LOADER = "$(TEST_HOST)";
				CODE_SIGN_STYLE = Automatic;
				DEVELOPMENT_TEAM = EPF99BXA3K;
				INFOPLIST_FILE = pomodoroWatchOS002Tests/Info.plist;
				LD_RUNPATH_SEARCH_PATHS = "$(inherited) @executable_path/Frameworks @loader_path/Frameworks";
				PRODUCT_BUNDLE_IDENTIFIER = com.visionrunner.pomodoroWatchOS002Tests;
				PRODUCT_NAME = "$(TARGET_NAME)";
				SWIFT_VERSION = 4.0;
				TARGETED_DEVICE_FAMILY = "1,2";
				TEST_HOST = "$(BUILT_PRODUCTS_DIR)/pomodoroWatchOS002.app/pomodoroWatchOS002";
			};
			name = Release;
		};
		63427E5C202423B900D6C606 /* Debug */ = {
			isa = XCBuildConfiguration;
			buildSettings = {
				ALWAYS_EMBED_SWIFT_STANDARD_LIBRARIES = YES;
				CODE_SIGN_STYLE = Automatic;
				DEVELOPMENT_TEAM = EPF99BXA3K;
				INFOPLIST_FILE = pomodoroWatchOS002UITests/Info.plist;
				LD_RUNPATH_SEARCH_PATHS = "$(inherited) @executable_path/Frameworks @loader_path/Frameworks";
				PRODUCT_BUNDLE_IDENTIFIER = com.visionrunner.pomodoroWatchOS002UITests;
				PRODUCT_NAME = "$(TARGET_NAME)";
				SWIFT_VERSION = 4.0;
				TARGETED_DEVICE_FAMILY = "1,2";
				TEST_TARGET_NAME = pomodoroWatchOS002;
			};
			name = Debug;
		};
		63427E5D202423B900D6C606 /* Release */ = {
			isa = XCBuildConfiguration;
			buildSettings = {
				ALWAYS_EMBED_SWIFT_STANDARD_LIBRARIES = YES;
				CODE_SIGN_STYLE = Automatic;
				DEVELOPMENT_TEAM = EPF99BXA3K;
				INFOPLIST_FILE = pomodoroWatchOS002UITests/Info.plist;
				LD_RUNPATH_SEARCH_PATHS = "$(inherited) @executable_path/Frameworks @loader_path/Frameworks";
				PRODUCT_BUNDLE_IDENTIFIER = com.visionrunner.pomodoroWatchOS002UITests;
				PRODUCT_NAME = "$(TARGET_NAME)";
				SWIFT_VERSION = 4.0;
				TARGETED_DEVICE_FAMILY = "1,2";
				TEST_TARGET_NAME = pomodoroWatchOS002;
			};
			name = Release;
		};
/* End XCBuildConfiguration section */

/* Begin XCConfigurationList section */
		63427E00202423B800D6C606 /* Build configuration list for PBXProject "pomodoroWatchOS002" */ = {
			isa = XCConfigurationList;
			buildConfigurations = (
				63427E4B202423B900D6C606 /* Debug */,
				63427E4C202423B900D6C606 /* Release */,
			);
			defaultConfigurationIsVisible = 0;
			defaultConfigurationName = Release;
		};
		63427E4D202423B900D6C606 /* Build configuration list for PBXNativeTarget "pomodoroWatchOS002 WatchKit Extension" */ = {
			isa = XCConfigurationList;
			buildConfigurations = (
				63427E4E202423B900D6C606 /* Debug */,
				63427E4F202423B900D6C606 /* Release */,
			);
			defaultConfigurationIsVisible = 0;
			defaultConfigurationName = Release;
		};
		63427E51202423B900D6C606 /* Build configuration list for PBXNativeTarget "pomodoroWatchOS002 WatchKit App" */ = {
			isa = XCConfigurationList;
			buildConfigurations = (
				63427E52202423B900D6C606 /* Debug */,
				63427E53202423B900D6C606 /* Release */,
			);
			defaultConfigurationIsVisible = 0;
			defaultConfigurationName = Release;
		};
		63427E55202423B900D6C606 /* Build configuration list for PBXNativeTarget "pomodoroWatchOS002" */ = {
			isa = XCConfigurationList;
			buildConfigurations = (
				63427E56202423B900D6C606 /* Debug */,
				63427E57202423B900D6C606 /* Release */,
			);
			defaultConfigurationIsVisible = 0;
			defaultConfigurationName = Release;
		};
		63427E58202423B900D6C606 /* Build configuration list for PBXNativeTarget "pomodoroWatchOS002Tests" */ = {
			isa = XCConfigurationList;
			buildConfigurations = (
				63427E59202423B900D6C606 /* Debug */,
				63427E5A202423B900D6C606 /* Release */,
			);
			defaultConfigurationIsVisible = 0;
			defaultConfigurationName = Release;
		};
		63427E5B202423B900D6C606 /* Build configuration list for PBXNativeTarget "pomodoroWatchOS002UITests" */ = {
			isa = XCConfigurationList;
			buildConfigurations = (
				63427E5C202423B900D6C606 /* Debug */,
				63427E5D202423B900D6C606 /* Release */,
			);
			defaultConfigurationIsVisible = 0;
			defaultConfigurationName = Release;
		};
/* End XCConfigurationList section */
	};
	rootObject = 63427DFD202423B800D6C606 /* Project object */;
}
